
Microsoft Visual Studio Solution File, Format Version 12.00
Project("{FAE04EC0-301F-11D3-BF4B-00C04F79EFBC}") = "AgendaDashboard", "AgendaDashboard.csproj", "{AA86CF77-5E26-444C-8022-D512D9180123}"
EndProject
Global
	GlobalSection(SolutionConfigurationPlatforms) = preSolution
		Release|x64 = Release|x64
		Debug|x64 = Debug|x64
	EndGlobalSection
	GlobalSection(ProjectConfigurationPlatforms) = postSolution
		{AA86CF77-5E26-444C-8022-D512D9180123}.Release|x64.ActiveCfg = Release|x64
		{AA86CF77-5E26-444C-8022-D512D9180123}.Release|x64.Build.0 = Release|x64
		{AA86CF77-5E26-444C-8022-D512D9180123}.Debug|x64.ActiveCfg = Debug|x64
		{AA86CF77-5E26-444C-8022-D512D9180123}.Debug|x64.Build.0 = Debug|x64
	EndGlobalSection
EndGlobal
